// !$*UTF8*$!
{
	archiveVersion = 1;
	classes = {
	};
	objectVersion = 46;
	objects = {

/* Begin PBXBuildFile section */
		8252E4991D9AB26300DFDAC4 /* AppDelegate.swift in Sources */ = {isa = PBXBuildFile; fileRef = 8252E4981D9AB26300DFDAC4 /* AppDelegate.swift */; };
		8252E49B1D9AB26300DFDAC4 /* ViewController.swift in Sources */ = {isa = PBXBuildFile; fileRef = 8252E49A1D9AB26300DFDAC4 /* ViewController.swift */; };
		8252E49E1D9AB26300DFDAC4 /* Main.storyboard in Resources */ = {isa = PBXBuildFile; fileRef = 8252E49C1D9AB26300DFDAC4 /* Main.storyboard */; };
		8252E4A01D9AB26300DFDAC4 /* Assets.xcassets in Resources */ = {isa = PBXBuildFile; fileRef = 8252E49F1D9AB26300DFDAC4 /* Assets.xcassets */; };
		8252E4A31D9AB26300DFDAC4 /* LaunchScreen.storyboard in Resources */ = {isa = PBXBuildFile; fileRef = 8252E4A11D9AB26300DFDAC4 /* LaunchScreen.storyboard */; };
		8252E4AE1D9AB26300DFDAC4 /* ARInvitationTests.swift in Sources */ = {isa = PBXBuildFile; fileRef = 8252E4AD1D9AB26300DFDAC4 /* ARInvitationTests.swift */; };
		8252E4B91D9AB26300DFDAC4 /* ARInvitationUITests.swift in Sources */ = {isa = PBXBuildFile; fileRef = 8252E4B81D9AB26300DFDAC4 /* ARInvitationUITests.swift */; };
		82E2DF041DB90B550057553B /* PlayerView.swift in Sources */ = {isa = PBXBuildFile; fileRef = 82E2DF031DB90B550057553B /* PlayerView.swift */; };
		82E2DF051DB90B550057553B /* PlayerView.swift in Sources */ = {isa = PBXBuildFile; fileRef = 82E2DF031DB90B550057553B /* PlayerView.swift */; };
		82E2DF061DB90B550057553B /* PlayerView.swift in Sources */ = {isa = PBXBuildFile; fileRef = 82E2DF031DB90B550057553B /* PlayerView.swift */; };
/* End PBXBuildFile section */

/* Begin PBXContainerItemProxy section */
		8252E4AA1D9AB26300DFDAC4 /* PBXContainerItemProxy */ = {
			isa = PBXContainerItemProxy;
			containerPortal = 8252E48D1D9AB26300DFDAC4 /* Project object */;
			proxyType = 1;
			remoteGlobalIDString = 8252E4941D9AB26300DFDAC4;
			remoteInfo = ARInvitation;
		};
		8252E4B51D9AB26300DFDAC4 /* PBXContainerItemProxy */ = {
			isa = PBXContainerItemProxy;
			containerPortal = 8252E48D1D9AB26300DFDAC4 /* Project object */;
			proxyType = 1;
			remoteGlobalIDString = 8252E4941D9AB26300DFDAC4;
			remoteInfo = ARInvitation;
		};
/* End PBXContainerItemProxy section */

/* Begin PBXFileReference section */
		8252E4951D9AB26300DFDAC4 /* ARInvitation.app */ = {isa = PBXFileReference; explicitFileType = wrapper.application; includeInIndex = 0; path = ARInvitation.app; sourceTree = BUILT_PRODUCTS_DIR; };
		8252E4981D9AB26300DFDAC4 /* AppDelegate.swift */ = {isa = PBXFileReference; lastKnownFileType = sourcecode.swift; path = AppDelegate.swift; sourceTree = "<group>"; };
		8252E49A1D9AB26300DFDAC4 /* ViewController.swift */ = {isa = PBXFileReference; lastKnownFileType = sourcecode.swift; path = ViewController.swift; sourceTree = "<group>"; };
		8252E49D1D9AB26300DFDAC4 /* Base */ = {isa = PBXFileReference; lastKnownFileType = file.storyboard; name = Base; path = Base.lproj/Main.storyboard; sourceTree = "<group>"; };
		8252E49F1D9AB26300DFDAC4 /* Assets.xcassets */ = {isa = PBXFileReference; lastKnownFileType = folder.assetcatalog; path = Assets.xcassets; sourceTree = "<group>"; };
		8252E4A21D9AB26300DFDAC4 /* Base */ = {isa = PBXFileReference; lastKnownFileType = file.storyboard; name = Base; path = Base.lproj/LaunchScreen.storyboard; sourceTree = "<group>"; };
		8252E4A41D9AB26300DFDAC4 /* Info.plist */ = {isa = PBXFileReference; lastKnownFileType = text.plist.xml; path = Info.plist; sourceTree = "<group>"; };
		8252E4A91D9AB26300DFDAC4 /* ARInvitationTests.xctest */ = {isa = PBXFileReference; explicitFileType = wrapper.cfbundle; includeInIndex = 0; path = ARInvitationTests.xctest; sourceTree = BUILT_PRODUCTS_DIR; };
		8252E4AD1D9AB26300DFDAC4 /* ARInvitationTests.swift */ = {isa = PBXFileReference; lastKnownFileType = sourcecode.swift; path = ARInvitationTests.swift; sourceTree = "<group>"; };
		8252E4AF1D9AB26300DFDAC4 /* Info.plist */ = {isa = PBXFileReference; lastKnownFileType = text.plist.xml; path = Info.plist; sourceTree = "<group>"; };
		8252E4B41D9AB26300DFDAC4 /* ARInvitationUITests.xctest */ = {isa = PBXFileReference; explicitFileType = wrapper.cfbundle; includeInIndex = 0; path = ARInvitationUITests.xctest; sourceTree = BUILT_PRODUCTS_DIR; };
		8252E4B81D9AB26300DFDAC4 /* ARInvitationUITests.swift */ = {isa = PBXFileReference; lastKnownFileType = sourcecode.swift; path = ARInvitationUITests.swift; sourceTree = "<group>"; };
		8252E4BA1D9AB26300DFDAC4 /* Info.plist */ = {isa = PBXFileReference; lastKnownFileType = text.plist.xml; path = Info.plist; sourceTree = "<group>"; };
		82E2DF031DB90B550057553B /* PlayerView.swift */ = {isa = PBXFileReference; fileEncoding = 4; lastKnownFileType = sourcecode.swift; path = PlayerView.swift; sourceTree = "<group>"; };
/* End PBXFileReference section */

/* Begin PBXFrameworksBuildPhase section */
		8252E4921D9AB26300DFDAC4 /* Frameworks */ = {
			isa = PBXFrameworksBuildPhase;
			buildActionMask = 2147483647;
			files = (
			);
			runOnlyForDeploymentPostprocessing = 0;
		};
		8252E4A61D9AB26300DFDAC4 /* Frameworks */ = {
			isa = PBXFrameworksBuildPhase;
			buildActionMask = 2147483647;
			files = (
			);
			runOnlyForDeploymentPostprocessing = 0;
		};
		8252E4B11D9AB26300DFDAC4 /* Frameworks */ = {
			isa = PBXFrameworksBuildPhase;
			buildActionMask = 2147483647;
			files = (
			);
			runOnlyForDeploymentPostprocessing = 0;
		};
/* End PBXFrameworksBuildPhase section */

/* Begin PBXGroup section */
		8252E48C1D9AB26300DFDAC4 = {
			isa = PBXGroup;
			children = (
				8252E4971D9AB26300DFDAC4 /* ARInvitation */,
				8252E4AC1D9AB26300DFDAC4 /* ARInvitationTests */,
				8252E4B71D9AB26300DFDAC4 /* ARInvitationUITests */,
				8252E4961D9AB26300DFDAC4 /* Products */,
			);
			sourceTree = "<group>";
		};
		8252E4961D9AB26300DFDAC4 /* Products */ = {
			isa = PBXGroup;
			children = (
				8252E4951D9AB26300DFDAC4 /* ARInvitation.app */,
				8252E4A91D9AB26300DFDAC4 /* ARInvitationTests.xctest */,
				8252E4B41D9AB26300DFDAC4 /* ARInvitationUITests.xctest */,
			);
			name = Products;
			sourceTree = "<group>";
		};
		8252E4971D9AB26300DFDAC4 /* ARInvitation */ = {
			isa = PBXGroup;
			children = (
				8252E4981D9AB26300DFDAC4 /* AppDelegate.swift */,
				8252E49A1D9AB26300DFDAC4 /* ViewController.swift */,
				8252E49C1D9AB26300DFDAC4 /* Main.storyboard */,
				8252E49F1D9AB26300DFDAC4 /* Assets.xcassets */,
				8252E4A11D9AB26300DFDAC4 /* LaunchScreen.storyboard */,
				8252E4A41D9AB26300DFDAC4 /* Info.plist */,
				82E2DF031DB90B550057553B /* PlayerView.swift */,
			);
			path = ARInvitation;
			sourceTree = "<group>";
		};
		8252E4AC1D9AB26300DFDAC4 /* ARInvitationTests */ = {
			isa = PBXGroup;
			children = (
				8252E4AD1D9AB26300DFDAC4 /* ARInvitationTests.swift */,
				8252E4AF1D9AB26300DFDAC4 /* Info.plist */,
			);
			path = ARInvitationTests;
			sourceTree = "<group>";
		};
		8252E4B71D9AB26300DFDAC4 /* ARInvitationUITests */ = {
			isa = PBXGroup;
			children = (
				8252E4B81D9AB26300DFDAC4 /* ARInvitationUITests.swift */,
				8252E4BA1D9AB26300DFDAC4 /* Info.plist */,
			);
			path = ARInvitationUITests;
			sourceTree = "<group>";
		};
/* End PBXGroup section */

/* Begin PBXNativeTarget section */
		8252E4941D9AB26300DFDAC4 /* ARInvitation */ = {
			isa = PBXNativeTarget;
			buildConfigurationList = 8252E4BD1D9AB26300DFDAC4 /* Build configuration list for PBXNativeTarget "ARInvitation" */;
			buildPhases = (
				8252E4911D9AB26300DFDAC4 /* Sources */,
				8252E4921D9AB26300DFDAC4 /* Frameworks */,
				8252E4931D9AB26300DFDAC4 /* Resources */,
			);
			buildRules = (
			);
			dependencies = (
			);
			name = ARInvitation;
			productName = ARInvitation;
			productReference = 8252E4951D9AB26300DFDAC4 /* ARInvitation.app */;
			productType = "com.apple.product-type.application";
		};
		8252E4A81D9AB26300DFDAC4 /* ARInvitationTests */ = {
			isa = PBXNativeTarget;
			buildConfigurationList = 8252E4C01D9AB26300DFDAC4 /* Build configuration list for PBXNativeTarget "ARInvitationTests" */;
			buildPhases = (
				8252E4A51D9AB26300DFDAC4 /* Sources */,
				8252E4A61D9AB26300DFDAC4 /* Frameworks */,
				8252E4A71D9AB26300DFDAC4 /* Resources */,
			);
			buildRules = (
			);
			dependencies = (
				8252E4AB1D9AB26300DFDAC4 /* PBXTargetDependency */,
			);
			name = ARInvitationTests;
			productName = ARInvitationTests;
			productReference = 8252E4A91D9AB26300DFDAC4 /* ARInvitationTests.xctest */;
			productType = "com.apple.product-type.bundle.unit-test";
		};
		8252E4B31D9AB26300DFDAC4 /* ARInvitationUITests */ = {
			isa = PBXNativeTarget;
			buildConfigurationList = 8252E4C31D9AB26300DFDAC4 /* Build configuration list for PBXNativeTarget "ARInvitationUITests" */;
			buildPhases = (
				8252E4B01D9AB26300DFDAC4 /* Sources */,
				8252E4B11D9AB26300DFDAC4 /* Frameworks */,
				8252E4B21D9AB26300DFDAC4 /* Resources */,
			);
			buildRules = (
			);
			dependencies = (
				8252E4B61D9AB26300DFDAC4 /* PBXTargetDependency */,
			);
			name = ARInvitationUITests;
			productName = ARInvitationUITests;
			productReference = 8252E4B41D9AB26300DFDAC4 /* ARInvitationUITests.xctest */;
			productType = "com.apple.product-type.bundle.ui-testing";
		};
/* End PBXNativeTarget section */

/* Begin PBXProject section */
		8252E48D1D9AB26300DFDAC4 /* Project object */ = {
			isa = PBXProject;
			attributes = {
				LastSwiftUpdateCheck = 0800;
				LastUpgradeCheck = 0800;
				ORGANIZATIONNAME = "Songbai Yan";
				TargetAttributes = {
					8252E4941D9AB26300DFDAC4 = {
						CreatedOnToolsVersion = 8.0;
						DevelopmentTeam = XD7JAMNS86;
						ProvisioningStyle = Automatic;
					};
					8252E4A81D9AB26300DFDAC4 = {
						CreatedOnToolsVersion = 8.0;
						DevelopmentTeam = XD7JAMNS86;
						ProvisioningStyle = Automatic;
						TestTargetID = 8252E4941D9AB26300DFDAC4;
					};
					8252E4B31D9AB26300DFDAC4 = {
						CreatedOnToolsVersion = 8.0;
						DevelopmentTeam = XD7JAMNS86;
						ProvisioningStyle = Automatic;
						TestTargetID = 8252E4941D9AB26300DFDAC4;
					};
				};
			};
			buildConfigurationList = 8252E4901D9AB26300DFDAC4 /* Build configuration list for PBXProject "ARInvitation" */;
			compatibilityVersion = "Xcode 3.2";
			developmentRegion = English;
			hasScannedForEncodings = 0;
			knownRegions = (
				en,
				Base,
			);
			mainGroup = 8252E48C1D9AB26300DFDAC4;
			productRefGroup = 8252E4961D9AB26300DFDAC4 /* Products */;
			projectDirPath = "";
			projectRoot = "";
			targets = (
				8252E4941D9AB26300DFDAC4 /* ARInvitation */,
				8252E4A81D9AB26300DFDAC4 /* ARInvitationTests */,
				8252E4B31D9AB26300DFDAC4 /* ARInvitationUITests */,
			);
		};
/* End PBXProject section */

/* Begin PBXResourcesBuildPhase section */
		8252E4931D9AB26300DFDAC4 /* Resources */ = {
			isa = PBXResourcesBuildPhase;
			buildActionMask = 2147483647;
			files = (
				8252E4A31D9AB26300DFDAC4 /* LaunchScreen.storyboard in Resources */,
				8252E4A01D9AB26300DFDAC4 /* Assets.xcassets in Resources */,
				8252E49E1D9AB26300DFDAC4 /* Main.storyboard in Resources */,
			);
			runOnlyForDeploymentPostprocessing = 0;
		};
		8252E4A71D9AB26300DFDAC4 /* Resources */ = {
			isa = PBXResourcesBuildPhase;
			buildActionMask = 2147483647;
			files = (
			);
			runOnlyForDeploymentPostprocessing = 0;
		};
		8252E4B21D9AB26300DFDAC4 /* Resources */ = {
			isa = PBXResourcesBuildPhase;
			buildActionMask = 2147483647;
			files = (
			);
			runOnlyForDeploymentPostprocessing = 0;
		};
/* End PBXResourcesBuildPhase section */

/* Begin PBXSourcesBuildPhase section */
		8252E4911D9AB26300DFDAC4 /* Sources */ = {
			isa = PBXSourcesBuildPhase;
			buildActionMask = 2147483647;
			files = (
				82E2DF041DB90B550057553B /* PlayerView.swift in Sources */,
				8252E49B1D9AB26300DFDAC4 /* ViewController.swift in Sources */,
				8252E4991D9AB26300DFDAC4 /* AppDelegate.swift in Sources */,
			);
			runOnlyForDeploymentPostprocessing = 0;
		};
		8252E4A51D9AB26300DFDAC4 /* Sources */ = {
			isa = PBXSourcesBuildPhase;
			buildActionMask = 2147483647;
			files = (
				8252E4AE1D9AB26300DFDAC4 /* ARInvitationTests.swift in Sources */,
				82E2DF051DB90B550057553B /* PlayerView.swift in Sources */,
			);
			runOnlyForDeploymentPostprocessing = 0;
		};
		8252E4B01D9AB26300DFDAC4 /* Sources */ = {
			isa = PBXSourcesBuildPhase;
			buildActionMask = 2147483647;
			files = (
				8252E4B91D9AB26300DFDAC4 /* ARInvitationUITests.swift in Sources */,
				82E2DF061DB90B550057553B /* PlayerView.swift in Sources */,
			);
			runOnlyForDeploymentPostprocessing = 0;
		};
/* End PBXSourcesBuildPhase section */

/* Begin PBXTargetDependency section */
		8252E4AB1D9AB26300DFDAC4 /* PBXTargetDependency */ = {
			isa = PBXTargetDependency;
			target = 8252E4941D9AB26300DFDAC4 /* ARInvitation */;
			targetProxy = 8252E4AA1D9AB26300DFDAC4 /* PBXContainerItemProxy */;
		};
		8252E4B61D9AB26300DFDAC4 /* PBXTargetDependency */ = {
			isa = PBXTargetDependency;
			target = 8252E4941D9AB26300DFDAC4 /* ARInvitation */;
			targetProxy = 8252E4B51D9AB26300DFDAC4 /* PBXContainerItemProxy */;
		};
/* End PBXTargetDependency section */

/* Begin PBXVariantGroup section */
		8252E49C1D9AB26300DFDAC4 /* Main.storyboard */ = {
			isa = PBXVariantGroup;
			children = (
				8252E49D1D9AB26300DFDAC4 /* Base */,
			);
			name = Main.storyboard;
			sourceTree = "<group>";
		};
		8252E4A11D9AB26300DFDAC4 /* LaunchScreen.storyboard */ = {
			isa = PBXVariantGroup;
			children = (
				8252E4A21D9AB26300DFDAC4 /* Base */,
			);
			name = LaunchScreen.storyboard;
			sourceTree = "<group>";
		};
/* End PBXVariantGroup section */

/* Begin XCBuildConfiguration section */
		8252E4BB1D9AB26300DFDAC4 /* Debug */ = {
			isa = XCBuildConfiguration;
			buildSettings = {
				ALWAYS_SEARCH_USER_PATHS = NO;
				CLANG_ANALYZER_NONNULL = YES;
				CLANG_CXX_LANGUAGE_STANDARD = "gnu++0x";
				CLANG_CXX_LIBRARY = "libc++";
				CLANG_ENABLE_MODULES = YES;
				CLANG_ENABLE_OBJC_ARC = YES;
				CLANG_WARN_BOOL_CONVERSION = YES;
				CLANG_WARN_CONSTANT_CONVERSION = YES;
				CLANG_WARN_DIRECT_OBJC_ISA_USAGE = YES_ERROR;
				CLANG_WARN_DOCUMENTATION_COMMENTS = YES;
				CLANG_WARN_EMPTY_BODY = YES;
				CLANG_WARN_ENUM_CONVERSION = YES;
				CLANG_WARN_INFINITE_RECURSION = YES;
				CLANG_WARN_INT_CONVERSION = YES;
				CLANG_WARN_OBJC_ROOT_CLASS = YES_ERROR;
				CLANG_WARN_SUSPICIOUS_MOVES = YES;
				CLANG_WARN_UNREACHABLE_CODE = YES;
				CLANG_WARN__DUPLICATE_METHOD_MATCH = YES;
				"CODE_SIGN_IDENTITY[sdk=iphoneos*]" = "iPhone Developer";
				COPY_PHASE_STRIP = NO;
				DEBUG_INFORMATION_FORMAT = dwarf;
				ENABLE_STRICT_OBJC_MSGSEND = YES;
				ENABLE_TESTABILITY = YES;
				GCC_C_LANGUAGE_STANDARD = gnu99;
				GCC_DYNAMIC_NO_PIC = NO;
				GCC_NO_COMMON_BLOCKS = YES;
				GCC_OPTIMIZATION_LEVEL = 0;
				GCC_PREPROCESSOR_DEFINITIONS = (
					"DEBUG=1",
					"$(inherited)",
				);
				GCC_WARN_64_TO_32_BIT_CONVERSION = YES;
				GCC_WARN_ABOUT_RETURN_TYPE = YES_ERROR;
				GCC_WARN_UNDECLARED_SELECTOR = YES;
				GCC_WARN_UNINITIALIZED_AUTOS = YES_AGGRESSIVE;
				GCC_WARN_UNUSED_FUNCTION = YES;
				GCC_WARN_UNUSED_VARIABLE = YES;
				IPHONEOS_DEPLOYMENT_TARGET = 10.0;
				MTL_ENABLE_DEBUG_INFO = YES;
				ONLY_ACTIVE_ARCH = YES;
				SDKROOT = iphoneos;
				SWIFT_ACTIVE_COMPILATION_CONDITIONS = DEBUG;
				SWIFT_OPTIMIZATION_LEVEL = "-Onone";
				TARGETED_DEVICE_FAMILY = "1,2";
			};
			name = Debug;
		};
		8252E4BC1D9AB26300DFDAC4 /* Release */ = {
			isa = XCBuildConfiguration;
			buildSettings = {
				ALWAYS_SEARCH_USER_PATHS = NO;
				CLANG_ANALYZER_NONNULL = YES;
				CLANG_CXX_LANGUAGE_STANDARD = "gnu++0x";
				CLANG_CXX_LIBRARY = "libc++";
				CLANG_ENABLE_MODULES = YES;
				CLANG_ENABLE_OBJC_ARC = YES;
				CLANG_WARN_BOOL_CONVERSION = YES;
				CLANG_WARN_CONSTANT_CONVERSION = YES;
				CLANG_WARN_DIRECT_OBJC_ISA_USAGE = YES_ERROR;
				CLANG_WARN_DOCUMENTATION_COMMENTS = YES;
				CLANG_WARN_EMPTY_BODY = YES;
				CLANG_WARN_ENUM_CONVERSION = YES;
				CLANG_WARN_INFINITE_RECURSION = YES;
				CLANG_WARN_INT_CONVERSION = YES;
				CLANG_WARN_OBJC_ROOT_CLASS = YES_ERROR;
				CLANG_WARN_SUSPICIOUS_MOVES = YES;
				CLANG_WARN_UNREACHABLE_CODE = YES;
				CLANG_WARN__DUPLICATE_METHOD_MATCH = YES;
				"CODE_SIGN_IDENTITY[sdk=iphoneos*]" = "iPhone Developer";
				COPY_PHASE_STRIP = NO;
				DEBUG_INFORMATION_FORMAT = "dwarf-with-dsym";
				ENABLE_NS_ASSERTIONS = NO;
				ENABLE_STRICT_OBJC_MSGSEND = YES;
				GCC_C_LANGUAGE_STANDARD = gnu99;
				GCC_NO_COMMON_BLOCKS = YES;
				GCC_WARN_64_TO_32_BIT_CONVERSION = YES;
				GCC_WARN_ABOUT_RETURN_TYPE = YES_ERROR;
				GCC_WARN_UNDECLARED_SELECTOR = YES;
				GCC_WARN_UNINITIALIZED_AUTOS = YES_AGGRESSIVE;
				GCC_WARN_UNUSED_FUNCTION = YES;
				GCC_WARN_UNUSED_VARIABLE = YES;
				IPHONEOS_DEPLOYMENT_TARGET = 10.0;
				MTL_ENABLE_DEBUG_INFO = NO;
				SDKROOT = iphoneos;
				SWIFT_OPTIMIZATION_LEVEL = "-Owholemodule";
				TARGETED_DEVICE_FAMILY = "1,2";
				VALIDATE_PRODUCT = YES;
			};
			name = Release;
		};
		8252E4BE1D9AB26300DFDAC4 /* Debug */ = {
			isa = XCBuildConfiguration;
			buildSettings = {
				ASSETCATALOG_COMPILER_APPICON_NAME = AppIcon;
				"CODE_SIGN_IDENTITY[sdk=iphoneos*]" = "iPhone Developer";
				DEVELOPMENT_TEAM = XD7JAMNS86;
				INFOPLIST_FILE = ARInvitation/Info.plist;
				LD_RUNPATH_SEARCH_PATHS = "$(inherited) @executable_path/Frameworks";
				PRODUCT_BUNDLE_IDENTIFIER = com.woodystudio.ARInvitation;
				PRODUCT_NAME = "$(TARGET_NAME)";
				SWIFT_VERSION = 3.0;
			};
			name = Debug;
		};
		8252E4BF1D9AB26300DFDAC4 /* Release */ = {
			isa = XCBuildConfiguration;
			buildSettings = {
				ASSETCATALOG_COMPILER_APPICON_NAME = AppIcon;
				"CODE_SIGN_IDENTITY[sdk=iphoneos*]" = "iPhone Developer";
				DEVELOPMENT_TEAM = XD7JAMNS86;
				INFOPLIST_FILE = ARInvitation/Info.plist;
				LD_RUNPATH_SEARCH_PATHS = "$(inherited) @executable_path/Frameworks";
				PRODUCT_BUNDLE_IDENTIFIER = com.woodystudio.ARInvitation;
				PRODUCT_NAME = "$(TARGET_NAME)";
				SWIFT_VERSION = 3.0;
			};
			name = Release;
		};
		8252E4C11D9AB26300DFDAC4 /* Debug */ = {
			isa = XCBuildConfiguration;
			buildSettings = {
				ALWAYS_EMBED_SWIFT_STANDARD_LIBRARIES = YES;
				BUNDLE_LOADER = "$(TEST_HOST)";
				DEVELOPMENT_TEAM = XD7JAMNS86;
				INFOPLIST_FILE = ARInvitationTests/Info.plist;
				LD_RUNPATH_SEARCH_PATHS = "$(inherited) @executable_path/Frameworks @loader_path/Frameworks";
				PRODUCT_BUNDLE_IDENTIFIER = com.woodystudio.ARInvitationTests;
				PRODUCT_NAME = "$(TARGET_NAME)";
				SWIFT_VERSION = 3.0;
				TEST_HOST = "$(BUILT_PRODUCTS_DIR)/ARInvitation.app/ARInvitation";
			};
			name = Debug;
		};
		8252E4C21D9AB26300DFDAC4 /* Release */ = {
			isa = XCBuildConfiguration;
			buildSettings = {
				ALWAYS_EMBED_SWIFT_STANDARD_LIBRARIES = YES;
				BUNDLE_LOADER = "$(TEST_HOST)";
				DEVELOPMENT_TEAM = XD7JAMNS86;
				INFOPLIST_FILE = ARInvitationTests/Info.plist;
				LD_RUNPATH_SEARCH_PATHS = "$(inherited) @executable_path/Frameworks @loader_path/Frameworks";
				PRODUCT_BUNDLE_IDENTIFIER = com.woodystudio.ARInvitationTests;
				PRODUCT_NAME = "$(TARGET_NAME)";
				SWIFT_VERSION = 3.0;
				TEST_HOST = "$(BUILT_PRODUCTS_DIR)/ARInvitation.app/ARInvitation";
			};
			name = Release;
		};
		8252E4C41D9AB26300DFDAC4 /* Debug */ = {
			isa = XCBuildConfiguration;
			buildSettings = {
				ALWAYS_EMBED_SWIFT_STANDARD_LIBRARIES = YES;
				DEVELOPMENT_TEAM = XD7JAMNS86;
				INFOPLIST_FILE = ARInvitationUITests/Info.plist;
				LD_RUNPATH_SEARCH_PATHS = "$(inherited) @executable_path/Frameworks @loader_path/Frameworks";
				PRODUCT_BUNDLE_IDENTIFIER = com.woodystudio.ARInvitationUITests;
				PRODUCT_NAME = "$(TARGET_NAME)";
				SWIFT_VERSION = 3.0;
				TEST_TARGET_NAME = ARInvitation;
			};
			name = Debug;
		};
		8252E4C51D9AB26300DFDAC4 /* Release */ = {
			isa = XCBuildConfiguration;
			buildSettings = {
				ALWAYS_EMBED_SWIFT_STANDARD_LIBRARIES = YES;
				DEVELOPMENT_TEAM = XD7JAMNS86;
				INFOPLIST_FILE = ARInvitationUITests/Info.plist;
				LD_RUNPATH_SEARCH_PATHS = "$(inherited) @executable_path/Frameworks @loader_path/Frameworks";
				PRODUCT_BUNDLE_IDENTIFIER = com.woodystudio.ARInvitationUITests;
				PRODUCT_NAME = "$(TARGET_NAME)";
				SWIFT_VERSION = 3.0;
				TEST_TARGET_NAME = ARInvitation;
			};
			name = Release;
		};
/* End XCBuildConfiguration section */

/* Begin XCConfigurationList section */
		8252E4901D9AB26300DFDAC4 /* Build configuration list for PBXProject "ARInvitation" */ = {
			isa = XCConfigurationList;
			buildConfigurations = (
				8252E4BB1D9AB26300DFDAC4 /* Debug */,
				8252E4BC1D9AB26300DFDAC4 /* Release */,
			);
			defaultConfigurationIsVisible = 0;
			defaultConfigurationName = Release;
		};
		8252E4BD1D9AB26300DFDAC4 /* Build configuration list for PBXNativeTarget "ARInvitation" */ = {
			isa = XCConfigurationList;
			buildConfigurations = (
				8252E4BE1D9AB26300DFDAC4 /* Debug */,
				8252E4BF1D9AB26300DFDAC4 /* Release */,
			);
			defaultConfigurationIsVisible = 0;
			defaultConfigurationName = Release;
		};
		8252E4C01D9AB26300DFDAC4 /* Build configuration list for PBXNativeTarget "ARInvitationTests" */ = {
			isa = XCConfigurationList;
			buildConfigurations = (
				8252E4C11D9AB26300DFDAC4 /* Debug */,
				8252E4C21D9AB26300DFDAC4 /* Release */,
			);
			defaultConfigurationIsVisible = 0;
			defaultConfigurationName = Release;
		};
		8252E4C31D9AB26300DFDAC4 /* Build configuration list for PBXNativeTarget "ARInvitationUITests" */ = {
			isa = XCConfigurationList;
			buildConfigurations = (
				8252E4C41D9AB26300DFDAC4 /* Debug */,
				8252E4C51D9AB26300DFDAC4 /* Release */,
			);
			defaultConfigurationIsVisible = 0;
			defaultConfigurationName = Release;
		};
/* End XCConfigurationList section */
	};
	rootObject = 8252E48D1D9AB26300DFDAC4 /* Project object */;
}
